
Microsoft Visual Studio Solution File, Format Version 12.00
# Visual Studio Version 17
VisualStudioVersion = 17.3.32929.385
MinimumVisualStudioVersion = 10.0.40219.1
Project("{FAE04EC0-301F-11D3-BF4B-00C04F79EFBC}") = "Architecture", "Architecture\Architecture.csproj", "{46BEBE43-CA70-4297-88E7-876A15D716AF}"
EndProject
Global
	GlobalSection(SolutionConfigurationPlatforms) = preSolution
		Debug|Any CPU = Debug|Any CPU
		Release|Any CPU = Release|Any CPU
	EndGlobalSection
	GlobalSection(ProjectConfigurationPlatforms) = postSolution
		{46BEBE43-CA70-4297-88E7-876A15D716AF}.Debug|Any CPU.ActiveCfg = Debug|Any CPU
		{46BEBE43-CA70-4297-88E7-876A15D716AF}.Debug|Any CPU.Build.0 = Debug|Any CPU
		{46BEBE43-CA70-4297-88E7-876A15D716AF}.Release|Any CPU.ActiveCfg = Release|Any CPU
		{46BEBE43-CA70-4297-88E7-876A15D716AF}.Release|Any CPU.Build.0 = Release|Any CPU
	EndGlobalSection
	GlobalSection(SolutionProperties) = preSolution
		HideSolutionNode = FALSE
	EndGlobalSection
	GlobalSection(ExtensibilityGlobals) = postSolution
		SolutionGuid = {742060D7-FE6F-4E23-9C3A-8C7C13CEE001}
	EndGlobalSection
EndGlobal
